
Microsoft Visual Studio Solution File, Format Version 12.00
# Visual Studio 15
Project("{FAE04EC0-301F-11D3-BF4B-00C04F79EFBC}") = "Top Shooty Wooty", "Assembly-CSharp.csproj", "{5CAC19C9-D804-1F16-A6E9-C86C4F31E3F8}"
EndProject
Project("{FAE04EC0-301F-11D3-BF4B-00C04F79EFBC}") = "Top Shooty Wooty", "Assembly-CSharp-firstpass.csproj", "{F2647D07-22CD-8CB8-25FF-77F5F4BF044E}"
EndProject
Global
	GlobalSection(SolutionConfigurationPlatforms) = preSolution
		Debug|Any CPU = Debug|Any CPU
		Release|Any CPU = Release|Any CPU
	EndGlobalSection
	GlobalSection(ProjectConfigurationPlatforms) = postSolution
		{5CAC19C9-D804-1F16-A6E9-C86C4F31E3F8}.Debug|Any CPU.ActiveCfg = Debug|Any CPU
		{5CAC19C9-D804-1F16-A6E9-C86C4F31E3F8}.Debug|Any CPU.Build.0 = Debug|Any CPU
		{5CAC19C9-D804-1F16-A6E9-C86C4F31E3F8}.Release|Any CPU.ActiveCfg = Release|Any CPU
		{5CAC19C9-D804-1F16-A6E9-C86C4F31E3F8}.Release|Any CPU.Build.0 = Release|Any CPU
		{F2647D07-22CD-8CB8-25FF-77F5F4BF044E}.Debug|Any CPU.ActiveCfg = Debug|Any CPU
		{F2647D07-22CD-8CB8-25FF-77F5F4BF044E}.Debug|Any CPU.Build.0 = Debug|Any CPU
		{F2647D07-22CD-8CB8-25FF-77F5F4BF044E}.Release|Any CPU.ActiveCfg = Release|Any CPU
		{F2647D07-22CD-8CB8-25FF-77F5F4BF044E}.Release|Any CPU.Build.0 = Release|Any CPU
	EndGlobalSection
	GlobalSection(SolutionProperties) = preSolution
		HideSolutionNode = FALSE
	EndGlobalSection
EndGlobal
